// !$*UTF8*$!
{
	archiveVersion = 1;
	classes = {
	};
	objectVersion = 50;
	objects = {

/* Begin PBXBuildFile section */
		2B42DE7324C61BFD00544D00 /* AppDelegate.swift in Sources */ = {isa = PBXBuildFile; fileRef = 2B42DE7224C61BFD00544D00 /* AppDelegate.swift */; };
		2B42DE7524C61BFD00544D00 /* SceneDelegate.swift in Sources */ = {isa = PBXBuildFile; fileRef = 2B42DE7424C61BFD00544D00 /* SceneDelegate.swift */; };
		2B42DE7724C61BFD00544D00 /* ContentView.swift in Sources */ = {isa = PBXBuildFile; fileRef = 2B42DE7624C61BFD00544D00 /* ContentView.swift */; };
		2B42DE7924C61BFF00544D00 /* Assets.xcassets in Resources */ = {isa = PBXBuildFile; fileRef = 2B42DE7824C61BFF00544D00 /* Assets.xcassets */; };
		2B42DE7C24C61BFF00544D00 /* Preview Assets.xcassets in Resources */ = {isa = PBXBuildFile; fileRef = 2B42DE7B24C61BFF00544D00 /* Preview Assets.xcassets */; };
		2B42DE7F24C61BFF00544D00 /* LaunchScreen.storyboard in Resources */ = {isa = PBXBuildFile; fileRef = 2B42DE7D24C61BFF00544D00 /* LaunchScreen.storyboard */; };
		2B42DE8A24C61CB300544D00 /* ColorLight.swift in Sources */ = {isa = PBXBuildFile; fileRef = 2B42DE8924C61CB300544D00 /* ColorLight.swift */; };
		2B42DE8C24C61EB200544D00 /* TrafficLightBody.swift in Sources */ = {isa = PBXBuildFile; fileRef = 2B42DE8B24C61EB200544D00 /* TrafficLightBody.swift */; };
		2B42DE8E24C61FDD00544D00 /* TrafficLight.swift in Sources */ = {isa = PBXBuildFile; fileRef = 2B42DE8D24C61FDD00544D00 /* TrafficLight.swift */; };
/* End PBXBuildFile section */

/* Begin PBXFileReference section */
		2B42DE6F24C61BFD00544D00 /* TrafficLightV2.app */ = {isa = PBXFileReference; explicitFileType = wrapper.application; includeInIndex = 0; path = TrafficLightV2.app; sourceTree = BUILT_PRODUCTS_DIR; };
		2B42DE7224C61BFD00544D00 /* AppDelegate.swift */ = {isa = PBXFileReference; lastKnownFileType = sourcecode.swift; path = AppDelegate.swift; sourceTree = "<group>"; };
		2B42DE7424C61BFD00544D00 /* SceneDelegate.swift */ = {isa = PBXFileReference; lastKnownFileType = sourcecode.swift; path = SceneDelegate.swift; sourceTree = "<group>"; };
		2B42DE7624C61BFD00544D00 /* ContentView.swift */ = {isa = PBXFileReference; lastKnownFileType = sourcecode.swift; path = ContentView.swift; sourceTree = "<group>"; };
		2B42DE7824C61BFF00544D00 /* Assets.xcassets */ = {isa = PBXFileReference; lastKnownFileType = folder.assetcatalog; path = Assets.xcassets; sourceTree = "<group>"; };
		2B42DE7B24C61BFF00544D00 /* Preview Assets.xcassets */ = {isa = PBXFileReference; lastKnownFileType = folder.assetcatalog; path = "Preview Assets.xcassets"; sourceTree = "<group>"; };
		2B42DE7E24C61BFF00544D00 /* Base */ = {isa = PBXFileReference; lastKnownFileType = file.storyboard; name = Base; path = Base.lproj/LaunchScreen.storyboard; sourceTree = "<group>"; };
		2B42DE8024C61BFF00544D00 /* Info.plist */ = {isa = PBXFileReference; lastKnownFileType = text.plist.xml; path = Info.plist; sourceTree = "<group>"; };
		2B42DE8924C61CB300544D00 /* ColorLight.swift */ = {isa = PBXFileReference; lastKnownFileType = sourcecode.swift; path = ColorLight.swift; sourceTree = "<group>"; };
		2B42DE8B24C61EB200544D00 /* TrafficLightBody.swift */ = {isa = PBXFileReference; lastKnownFileType = sourcecode.swift; path = TrafficLightBody.swift; sourceTree = "<group>"; };
		2B42DE8D24C61FDD00544D00 /* TrafficLight.swift */ = {isa = PBXFileReference; lastKnownFileType = sourcecode.swift; path = TrafficLight.swift; sourceTree = "<group>"; };
/* End PBXFileReference section */

/* Begin PBXFrameworksBuildPhase section */
		2B42DE6C24C61BFD00544D00 /* Frameworks */ = {
			isa = PBXFrameworksBuildPhase;
			buildActionMask = 2147483647;
			files = (
			);
			runOnlyForDeploymentPostprocessing = 0;
		};
/* End PBXFrameworksBuildPhase section */

/* Begin PBXGroup section */
		2B42DE6624C61BFD00544D00 = {
			isa = PBXGroup;
			children = (
				2B42DE7124C61BFD00544D00 /* TrafficLightV2 */,
				2B42DE7024C61BFD00544D00 /* Products */,
			);
			sourceTree = "<group>";
		};
		2B42DE7024C61BFD00544D00 /* Products */ = {
			isa = PBXGroup;
			children = (
				2B42DE6F24C61BFD00544D00 /* TrafficLightV2.app */,
			);
			name = Products;
			sourceTree = "<group>";
		};
		2B42DE7124C61BFD00544D00 /* TrafficLightV2 */ = {
			isa = PBXGroup;
			children = (
				2B42DE7624C61BFD00544D00 /* ContentView.swift */,
				2B42DE8924C61CB300544D00 /* ColorLight.swift */,
				2B42DE8B24C61EB200544D00 /* TrafficLightBody.swift */,
				2B42DE8D24C61FDD00544D00 /* TrafficLight.swift */,
				2B42DE8824C61C8500544D00 /* Storyboard */,
				2B42DE8724C61C6F00544D00 /* Source */,
				2B42DE8624C61C3E00544D00 /* SupportingFiles */,
				2B42DE7A24C61BFF00544D00 /* Preview Content */,
			);
			path = TrafficLightV2;
			sourceTree = "<group>";
		};
		2B42DE7A24C61BFF00544D00 /* Preview Content */ = {
			isa = PBXGroup;
			children = (
				2B42DE7B24C61BFF00544D00 /* Preview Assets.xcassets */,
			);
			path = "Preview Content";
			sourceTree = "<group>";
		};
		2B42DE8624C61C3E00544D00 /* SupportingFiles */ = {
			isa = PBXGroup;
			children = (
				2B42DE7224C61BFD00544D00 /* AppDelegate.swift */,
				2B42DE7424C61BFD00544D00 /* SceneDelegate.swift */,
				2B42DE8024C61BFF00544D00 /* Info.plist */,
			);
			path = SupportingFiles;
			sourceTree = "<group>";
		};
		2B42DE8724C61C6F00544D00 /* Source */ = {
			isa = PBXGroup;
			children = (
				2B42DE7824C61BFF00544D00 /* Assets.xcassets */,
			);
			path = Source;
			sourceTree = "<group>";
		};
		2B42DE8824C61C8500544D00 /* Storyboard */ = {
			isa = PBXGroup;
			children = (
				2B42DE7D24C61BFF00544D00 /* LaunchScreen.storyboard */,
			);
			path = Storyboard;
			sourceTree = "<group>";
		};
/* End PBXGroup section */

/* Begin PBXNativeTarget section */
		2B42DE6E24C61BFD00544D00 /* TrafficLightV2 */ = {
			isa = PBXNativeTarget;
			buildConfigurationList = 2B42DE8324C61BFF00544D00 /* Build configuration list for PBXNativeTarget "TrafficLightV2" */;
			buildPhases = (
				2B42DE6B24C61BFD00544D00 /* Sources */,
				2B42DE6C24C61BFD00544D00 /* Frameworks */,
				2B42DE6D24C61BFD00544D00 /* Resources */,
			);
			buildRules = (
			);
			dependencies = (
			);
			name = TrafficLightV2;
			productName = TrafficLightV2;
			productReference = 2B42DE6F24C61BFD00544D00 /* TrafficLightV2.app */;
			productType = "com.apple.product-type.application";
		};
/* End PBXNativeTarget section */

/* Begin PBXProject section */
		2B42DE6724C61BFD00544D00 /* Project object */ = {
			isa = PBXProject;
			attributes = {
				LastSwiftUpdateCheck = 1160;
				LastUpgradeCheck = 1160;
				ORGANIZATIONNAME = "Pavel Parshin";
				TargetAttributes = {
					2B42DE6E24C61BFD00544D00 = {
						CreatedOnToolsVersion = 11.6;
					};
				};
			};
			buildConfigurationList = 2B42DE6A24C61BFD00544D00 /* Build configuration list for PBXProject "TrafficLightV2" */;
			compatibilityVersion = "Xcode 9.3";
			developmentRegion = en;
			hasScannedForEncodings = 0;
			knownRegions = (
				en,
				Base,
			);
			mainGroup = 2B42DE6624C61BFD00544D00;
			productRefGroup = 2B42DE7024C61BFD00544D00 /* Products */;
			projectDirPath = "";
			projectRoot = "";
			targets = (
				2B42DE6E24C61BFD00544D00 /* TrafficLightV2 */,
			);
		};
/* End PBXProject section */

/* Begin PBXResourcesBuildPhase section */
		2B42DE6D24C61BFD00544D00 /* Resources */ = {
			isa = PBXResourcesBuildPhase;
			buildActionMask = 2147483647;
			files = (
				2B42DE7F24C61BFF00544D00 /* LaunchScreen.storyboard in Resources */,
				2B42DE7C24C61BFF00544D00 /* Preview Assets.xcassets in Resources */,
				2B42DE7924C61BFF00544D00 /* Assets.xcassets in Resources */,
			);
			runOnlyForDeploymentPostprocessing = 0;
		};
/* End PBXResourcesBuildPhase section */

/* Begin PBXSourcesBuildPhase section */
		2B42DE6B24C61BFD00544D00 /* Sources */ = {
			isa = PBXSourcesBuildPhase;
			buildActionMask = 2147483647;
			files = (
				2B42DE7324C61BFD00544D00 /* AppDelegate.swift in Sources */,
				2B42DE7524C61BFD00544D00 /* SceneDelegate.swift in Sources */,
				2B42DE8E24C61FDD00544D00 /* TrafficLight.swift in Sources */,
				2B42DE8A24C61CB300544D00 /* ColorLight.swift in Sources */,
				2B42DE8C24C61EB200544D00 /* TrafficLightBody.swift in Sources */,
				2B42DE7724C61BFD00544D00 /* ContentView.swift in Sources */,
			);
			runOnlyForDeploymentPostprocessing = 0;
		};
/* End PBXSourcesBuildPhase section */

/* Begin PBXVariantGroup section */
		2B42DE7D24C61BFF00544D00 /* LaunchScreen.storyboard */ = {
			isa = PBXVariantGroup;
			children = (
				2B42DE7E24C61BFF00544D00 /* Base */,
			);
			name = LaunchScreen.storyboard;
			sourceTree = "<group>";
		};
/* End PBXVariantGroup section */

/* Begin XCBuildConfiguration section */
		2B42DE8124C61BFF00544D00 /* Debug */ = {
			isa = XCBuildConfiguration;
			buildSettings = {
				ALWAYS_SEARCH_USER_PATHS = NO;
				CLANG_ANALYZER_NONNULL = YES;
				CLANG_ANALYZER_NUMBER_OBJECT_CONVERSION = YES_AGGRESSIVE;
				CLANG_CXX_LANGUAGE_STANDARD = "gnu++14";
				CLANG_CXX_LIBRARY = "libc++";
				CLANG_ENABLE_MODULES = YES;
				CLANG_ENABLE_OBJC_ARC = YES;
				CLANG_ENABLE_OBJC_WEAK = YES;
				CLANG_WARN_BLOCK_CAPTURE_AUTORELEASING = YES;
				CLANG_WARN_BOOL_CONVERSION = YES;
				CLANG_WARN_COMMA = YES;
				CLANG_WARN_CONSTANT_CONVERSION = YES;
				CLANG_WARN_DEPRECATED_OBJC_IMPLEMENTATIONS = YES;
				CLANG_WARN_DIRECT_OBJC_ISA_USAGE = YES_ERROR;
				CLANG_WARN_DOCUMENTATION_COMMENTS = YES;
				CLANG_WARN_EMPTY_BODY = YES;
				CLANG_WARN_ENUM_CONVERSION = YES;
				CLANG_WARN_INFINITE_RECURSION = YES;
				CLANG_WARN_INT_CONVERSION = YES;
				CLANG_WARN_NON_LITERAL_NULL_CONVERSION = YES;
				CLANG_WARN_OBJC_IMPLICIT_RETAIN_SELF = YES;
				CLANG_WARN_OBJC_LITERAL_CONVERSION = YES;
				CLANG_WARN_OBJC_ROOT_CLASS = YES_ERROR;
				CLANG_WARN_RANGE_LOOP_ANALYSIS = YES;
				CLANG_WARN_STRICT_PROTOTYPES = YES;
				CLANG_WARN_SUSPICIOUS_MOVE = YES;
				CLANG_WARN_UNGUARDED_AVAILABILITY = YES_AGGRESSIVE;
				CLANG_WARN_UNREACHABLE_CODE = YES;
				CLANG_WARN__DUPLICATE_METHOD_MATCH = YES;
				COPY_PHASE_STRIP = NO;
				DEBUG_INFORMATION_FORMAT = dwarf;
				ENABLE_STRICT_OBJC_MSGSEND = YES;
				ENABLE_TESTABILITY = YES;
				GCC_C_LANGUAGE_STANDARD = gnu11;
				GCC_DYNAMIC_NO_PIC = NO;
				GCC_NO_COMMON_BLOCKS = YES;
				GCC_OPTIMIZATION_LEVEL = 0;
				GCC_PREPROCESSOR_DEFINITIONS = (
					"DEBUG=1",
					"$(inherited)",
				);
				GCC_WARN_64_TO_32_BIT_CONVERSION = YES;
				GCC_WARN_ABOUT_RETURN_TYPE = YES_ERROR;
				GCC_WARN_UNDECLARED_SELECTOR = YES;
				GCC_WARN_UNINITIALIZED_AUTOS = YES_AGGRESSIVE;
				GCC_WARN_UNUSED_FUNCTION = YES;
				GCC_WARN_UNUSED_VARIABLE = YES;
				IPHONEOS_DEPLOYMENT_TARGET = 13.6;
				MTL_ENABLE_DEBUG_INFO = INCLUDE_SOURCE;
				MTL_FAST_MATH = YES;
				ONLY_ACTIVE_ARCH = YES;
				SDKROOT = iphoneos;
				SWIFT_ACTIVE_COMPILATION_CONDITIONS = DEBUG;
				SWIFT_OPTIMIZATION_LEVEL = "-Onone";
			};
			name = Debug;
		};
		2B42DE8224C61BFF00544D00 /* Release */ = {
			isa = XCBuildConfiguration;
			buildSettings = {
				ALWAYS_SEARCH_USER_PATHS = NO;
				CLANG_ANALYZER_NONNULL = YES;
				CLANG_ANALYZER_NUMBER_OBJECT_CONVERSION = YES_AGGRESSIVE;
				CLANG_CXX_LANGUAGE_STANDARD = "gnu++14";
				CLANG_CXX_LIBRARY = "libc++";
				CLANG_ENABLE_MODULES = YES;
				CLANG_ENABLE_OBJC_ARC = YES;
				CLANG_ENABLE_OBJC_WEAK = YES;
				CLANG_WARN_BLOCK_CAPTURE_AUTORELEASING = YES;
				CLANG_WARN_BOOL_CONVERSION = YES;
				CLANG_WARN_COMMA = YES;
				CLANG_WARN_CONSTANT_CONVERSION = YES;
				CLANG_WARN_DEPRECATED_OBJC_IMPLEMENTATIONS = YES;
				CLANG_WARN_DIRECT_OBJC_ISA_USAGE = YES_ERROR;
				CLANG_WARN_DOCUMENTATION_COMMENTS = YES;
				CLANG_WARN_EMPTY_BODY = YES;
				CLANG_WARN_ENUM_CONVERSION = YES;
				CLANG_WARN_INFINITE_RECURSION = YES;
				CLANG_WARN_INT_CONVERSION = YES;
				CLANG_WARN_NON_LITERAL_NULL_CONVERSION = YES;
				CLANG_WARN_OBJC_IMPLICIT_RETAIN_SELF = YES;
				CLANG_WARN_OBJC_LITERAL_CONVERSION = YES;
				CLANG_WARN_OBJC_ROOT_CLASS = YES_ERROR;
				CLANG_WARN_RANGE_LOOP_ANALYSIS = YES;
				CLANG_WARN_STRICT_PROTOTYPES = YES;
				CLANG_WARN_SUSPICIOUS_MOVE = YES;
				CLANG_WARN_UNGUARDED_AVAILABILITY = YES_AGGRESSIVE;
				CLANG_WARN_UNREACHABLE_CODE = YES;
				CLANG_WARN__DUPLICATE_METHOD_MATCH = YES;
				COPY_PHASE_STRIP = NO;
				DEBUG_INFORMATION_FORMAT = "dwarf-with-dsym";
				ENABLE_NS_ASSERTIONS = NO;
				ENABLE_STRICT_OBJC_MSGSEND = YES;
				GCC_C_LANGUAGE_STANDARD = gnu11;
				GCC_NO_COMMON_BLOCKS = YES;
				GCC_WARN_64_TO_32_BIT_CONVERSION = YES;
				GCC_WARN_ABOUT_RETURN_TYPE = YES_ERROR;
				GCC_WARN_UNDECLARED_SELECTOR = YES;
				GCC_WARN_UNINITIALIZED_AUTOS = YES_AGGRESSIVE;
				GCC_WARN_UNUSED_FUNCTION = YES;
				GCC_WARN_UNUSED_VARIABLE = YES;
				IPHONEOS_DEPLOYMENT_TARGET = 13.6;
				MTL_ENABLE_DEBUG_INFO = NO;
				MTL_FAST_MATH = YES;
				SDKROOT = iphoneos;
				SWIFT_COMPILATION_MODE = wholemodule;
				SWIFT_OPTIMIZATION_LEVEL = "-O";
				VALIDATE_PRODUCT = YES;
			};
			name = Release;
		};
		2B42DE8424C61BFF00544D00 /* Debug */ = {
			isa = XCBuildConfiguration;
			buildSettings = {
				ASSETCATALOG_COMPILER_APPICON_NAME = AppIcon;
				CODE_SIGN_STYLE = Automatic;
				DEVELOPMENT_ASSET_PATHS = "\"TrafficLightV2/Preview Content\"";
				DEVELOPMENT_TEAM = 2ZXQUQVQEL;
				ENABLE_PREVIEWS = YES;
				INFOPLIST_FILE = TrafficLightV2/SupportingFiles/Info.plist;
				LD_RUNPATH_SEARCH_PATHS = (
					"$(inherited)",
					"@executable_path/Frameworks",
				);
				PRODUCT_BUNDLE_IDENTIFIER = ru.pavelparshin.TrafficLightV2;
				PRODUCT_NAME = "$(TARGET_NAME)";
				SWIFT_VERSION = 5.0;
				TARGETED_DEVICE_FAMILY = "1,2";
			};
			name = Debug;
		};
		2B42DE8524C61BFF00544D00 /* Release */ = {
			isa = XCBuildConfiguration;
			buildSettings = {
				ASSETCATALOG_COMPILER_APPICON_NAME = AppIcon;
				CODE_SIGN_STYLE = Automatic;
				DEVELOPMENT_ASSET_PATHS = "\"TrafficLightV2/Preview Content\"";
				DEVELOPMENT_TEAM = 2ZXQUQVQEL;
				ENABLE_PREVIEWS = YES;
				INFOPLIST_FILE = TrafficLightV2/SupportingFiles/Info.plist;
				LD_RUNPATH_SEARCH_PATHS = (
					"$(inherited)",
					"@executable_path/Frameworks",
				);
				PRODUCT_BUNDLE_IDENTIFIER = ru.pavelparshin.TrafficLightV2;
				PRODUCT_NAME = "$(TARGET_NAME)";
				SWIFT_VERSION = 5.0;
				TARGETED_DEVICE_FAMILY = "1,2";
			};
			name = Release;
		};
/* End XCBuildConfiguration section */

/* Begin XCConfigurationList section */
		2B42DE6A24C61BFD00544D00 /* Build configuration list for PBXProject "TrafficLightV2" */ = {
			isa = XCConfigurationList;
			buildConfigurations = (
				2B42DE8124C61BFF00544D00 /* Debug */,
				2B42DE8224C61BFF00544D00 /* Release */,
			);
			defaultConfigurationIsVisible = 0;
			defaultConfigurationName = Release;
		};
		2B42DE8324C61BFF00544D00 /* Build configuration list for PBXNativeTarget "TrafficLightV2" */ = {
			isa = XCConfigurationList;
			buildConfigurations = (
				2B42DE8424C61BFF00544D00 /* Debug */,
				2B42DE8524C61BFF00544D00 /* Release */,
			);
			defaultConfigurationIsVisible = 0;
			defaultConfigurationName = Release;
		};
/* End XCConfigurationList section */
	};
	rootObject = 2B42DE6724C61BFD00544D00 /* Project object */;
}
